// !$*UTF8*$!
{
	archiveVersion = 1;
	classes = {
	};
	objectVersion = 55;
	objects = {

/* Begin PBXBuildFile section */
		5BA3A2AD280A9CA8006FDBA4 /* AppDelegate.swift in Sources */ = {isa = PBXBuildFile; fileRef = 5BA3A2AC280A9CA8006FDBA4 /* AppDelegate.swift */; };
		5BA3A2AF280A9CA8006FDBA4 /* SceneDelegate.swift in Sources */ = {isa = PBXBuildFile; fileRef = 5BA3A2AE280A9CA8006FDBA4 /* SceneDelegate.swift */; };
		5BA3A2B4280A9CA8006FDBA4 /* Main.storyboard in Resources */ = {isa = PBXBuildFile; fileRef = 5BA3A2B2280A9CA8006FDBA4 /* Main.storyboard */; };
		5BA3A2B7280A9CA8006FDBA4 /* GoMemo.xcdatamodeld in Sources */ = {isa = PBXBuildFile; fileRef = 5BA3A2B5280A9CA8006FDBA4 /* GoMemo.xcdatamodeld */; };
		5BA3A2B9280A9CA9006FDBA4 /* Assets.xcassets in Resources */ = {isa = PBXBuildFile; fileRef = 5BA3A2B8280A9CA9006FDBA4 /* Assets.xcassets */; };
		5BA3A2BC280A9CA9006FDBA4 /* LaunchScreen.storyboard in Resources */ = {isa = PBXBuildFile; fileRef = 5BA3A2BA280A9CA9006FDBA4 /* LaunchScreen.storyboard */; };
		5BDFAB6C2816848400AB566B /* Model.swift in Sources */ = {isa = PBXBuildFile; fileRef = 5BDFAB6B2816848400AB566B /* Model.swift */; };
		5BDFAB6E2816884500AB566B /* MemoListTableViewController.swift in Sources */ = {isa = PBXBuildFile; fileRef = 5BDFAB6D2816884500AB566B /* MemoListTableViewController.swift */; };
		5BDFAB702816CB6E00AB566B /* ComposeViewController.swift in Sources */ = {isa = PBXBuildFile; fileRef = 5BDFAB6F2816CB6E00AB566B /* ComposeViewController.swift */; };
/* End PBXBuildFile section */

/* Begin PBXFileReference section */
		5BA3A2A9280A9CA8006FDBA4 /* GoMemo.app */ = {isa = PBXFileReference; explicitFileType = wrapper.application; includeInIndex = 0; path = GoMemo.app; sourceTree = BUILT_PRODUCTS_DIR; };
		5BA3A2AC280A9CA8006FDBA4 /* AppDelegate.swift */ = {isa = PBXFileReference; lastKnownFileType = sourcecode.swift; path = AppDelegate.swift; sourceTree = "<group>"; };
		5BA3A2AE280A9CA8006FDBA4 /* SceneDelegate.swift */ = {isa = PBXFileReference; lastKnownFileType = sourcecode.swift; path = SceneDelegate.swift; sourceTree = "<group>"; };
		5BA3A2B3280A9CA8006FDBA4 /* Base */ = {isa = PBXFileReference; lastKnownFileType = file.storyboard; name = Base; path = Base.lproj/Main.storyboard; sourceTree = "<group>"; };
		5BA3A2B6280A9CA8006FDBA4 /* GoMemo.xcdatamodel */ = {isa = PBXFileReference; lastKnownFileType = wrapper.xcdatamodel; path = GoMemo.xcdatamodel; sourceTree = "<group>"; };
		5BA3A2B8280A9CA9006FDBA4 /* Assets.xcassets */ = {isa = PBXFileReference; lastKnownFileType = folder.assetcatalog; path = Assets.xcassets; sourceTree = "<group>"; };
		5BA3A2BB280A9CA9006FDBA4 /* Base */ = {isa = PBXFileReference; lastKnownFileType = file.storyboard; name = Base; path = Base.lproj/LaunchScreen.storyboard; sourceTree = "<group>"; };
		5BA3A2BD280A9CA9006FDBA4 /* Info.plist */ = {isa = PBXFileReference; lastKnownFileType = text.plist.xml; path = Info.plist; sourceTree = "<group>"; };
		5BDFAB6B2816848400AB566B /* Model.swift */ = {isa = PBXFileReference; lastKnownFileType = sourcecode.swift; path = Model.swift; sourceTree = "<group>"; };
		5BDFAB6D2816884500AB566B /* MemoListTableViewController.swift */ = {isa = PBXFileReference; lastKnownFileType = sourcecode.swift; path = MemoListTableViewController.swift; sourceTree = "<group>"; };
		5BDFAB6F2816CB6E00AB566B /* ComposeViewController.swift */ = {isa = PBXFileReference; lastKnownFileType = sourcecode.swift; path = ComposeViewController.swift; sourceTree = "<group>"; };
/* End PBXFileReference section */

/* Begin PBXFrameworksBuildPhase section */
		5BA3A2A6280A9CA8006FDBA4 /* Frameworks */ = {
			isa = PBXFrameworksBuildPhase;
			buildActionMask = 2147483647;
			files = (
			);
			runOnlyForDeploymentPostprocessing = 0;
		};
/* End PBXFrameworksBuildPhase section */

/* Begin PBXGroup section */
		5BA3A2A0280A9CA8006FDBA4 = {
			isa = PBXGroup;
			children = (
				5BA3A2AB280A9CA8006FDBA4 /* GoMemo */,
				5BA3A2AA280A9CA8006FDBA4 /* Products */,
			);
			sourceTree = "<group>";
		};
		5BA3A2AA280A9CA8006FDBA4 /* Products */ = {
			isa = PBXGroup;
			children = (
				5BA3A2A9280A9CA8006FDBA4 /* GoMemo.app */,
			);
			name = Products;
			sourceTree = "<group>";
		};
		5BA3A2AB280A9CA8006FDBA4 /* GoMemo */ = {
			isa = PBXGroup;
			children = (
				5BDFAB6A2816846900AB566B /* Model */,
				5BA3A2AC280A9CA8006FDBA4 /* AppDelegate.swift */,
				5BA3A2AE280A9CA8006FDBA4 /* SceneDelegate.swift */,
				5BA3A2B2280A9CA8006FDBA4 /* Main.storyboard */,
				5BA3A2B8280A9CA9006FDBA4 /* Assets.xcassets */,
				5BA3A2BA280A9CA9006FDBA4 /* LaunchScreen.storyboard */,
				5BA3A2BD280A9CA9006FDBA4 /* Info.plist */,
				5BA3A2B5280A9CA8006FDBA4 /* GoMemo.xcdatamodeld */,
				5BDFAB6D2816884500AB566B /* MemoListTableViewController.swift */,
				5BDFAB6F2816CB6E00AB566B /* ComposeViewController.swift */,
			);
			path = GoMemo;
			sourceTree = "<group>";
		};
		5BDFAB6A2816846900AB566B /* Model */ = {
			isa = PBXGroup;
			children = (
				5BDFAB6B2816848400AB566B /* Model.swift */,
			);
			path = Model;
			sourceTree = "<group>";
		};
/* End PBXGroup section */

/* Begin PBXNativeTarget section */
		5BA3A2A8280A9CA8006FDBA4 /* GoMemo */ = {
			isa = PBXNativeTarget;
			buildConfigurationList = 5BA3A2C0280A9CA9006FDBA4 /* Build configuration list for PBXNativeTarget "GoMemo" */;
			buildPhases = (
				5BA3A2A5280A9CA8006FDBA4 /* Sources */,
				5BA3A2A6280A9CA8006FDBA4 /* Frameworks */,
				5BA3A2A7280A9CA8006FDBA4 /* Resources */,
			);
			buildRules = (
			);
			dependencies = (
			);
			name = GoMemo;
			productName = GoMemo;
			productReference = 5BA3A2A9280A9CA8006FDBA4 /* GoMemo.app */;
			productType = "com.apple.product-type.application";
		};
/* End PBXNativeTarget section */

/* Begin PBXProject section */
		5BA3A2A1280A9CA8006FDBA4 /* Project object */ = {
			isa = PBXProject;
			attributes = {
				BuildIndependentTargetsInParallel = 1;
				LastSwiftUpdateCheck = 1320;
				LastUpgradeCheck = 1320;
				TargetAttributes = {
					5BA3A2A8280A9CA8006FDBA4 = {
						CreatedOnToolsVersion = 13.2.1;
					};
				};
			};
			buildConfigurationList = 5BA3A2A4280A9CA8006FDBA4 /* Build configuration list for PBXProject "GoMemo" */;
			compatibilityVersion = "Xcode 13.0";
			developmentRegion = en;
			hasScannedForEncodings = 0;
			knownRegions = (
				en,
				Base,
			);
			mainGroup = 5BA3A2A0280A9CA8006FDBA4;
			productRefGroup = 5BA3A2AA280A9CA8006FDBA4 /* Products */;
			projectDirPath = "";
			projectRoot = "";
			targets = (
				5BA3A2A8280A9CA8006FDBA4 /* GoMemo */,
			);
		};
/* End PBXProject section */

/* Begin PBXResourcesBuildPhase section */
		5BA3A2A7280A9CA8006FDBA4 /* Resources */ = {
			isa = PBXResourcesBuildPhase;
			buildActionMask = 2147483647;
			files = (
				5BA3A2BC280A9CA9006FDBA4 /* LaunchScreen.storyboard in Resources */,
				5BA3A2B9280A9CA9006FDBA4 /* Assets.xcassets in Resources */,
				5BA3A2B4280A9CA8006FDBA4 /* Main.storyboard in Resources */,
			);
			runOnlyForDeploymentPostprocessing = 0;
		};
/* End PBXResourcesBuildPhase section */

/* Begin PBXSourcesBuildPhase section */
		5BA3A2A5280A9CA8006FDBA4 /* Sources */ = {
			isa = PBXSourcesBuildPhase;
			buildActionMask = 2147483647;
			files = (
				5BA3A2AD280A9CA8006FDBA4 /* AppDelegate.swift in Sources */,
				5BA3A2AF280A9CA8006FDBA4 /* SceneDelegate.swift in Sources */,
				5BDFAB6E2816884500AB566B /* MemoListTableViewController.swift in Sources */,
				5BDFAB702816CB6E00AB566B /* ComposeViewController.swift in Sources */,
				5BA3A2B7280A9CA8006FDBA4 /* GoMemo.xcdatamodeld in Sources */,
				5BDFAB6C2816848400AB566B /* Model.swift in Sources */,
			);
			runOnlyForDeploymentPostprocessing = 0;
		};
/* End PBXSourcesBuildPhase section */

/* Begin PBXVariantGroup section */
		5BA3A2B2280A9CA8006FDBA4 /* Main.storyboard */ = {
			isa = PBXVariantGroup;
			children = (
				5BA3A2B3280A9CA8006FDBA4 /* Base */,
			);
			name = Main.storyboard;
			sourceTree = "<group>";
		};
		5BA3A2BA280A9CA9006FDBA4 /* LaunchScreen.storyboard */ = {
			isa = PBXVariantGroup;
			children = (
				5BA3A2BB280A9CA9006FDBA4 /* Base */,
			);
			name = LaunchScreen.storyboard;
			sourceTree = "<group>";
		};
/* End PBXVariantGroup section */

/* Begin XCBuildConfiguration section */
		5BA3A2BE280A9CA9006FDBA4 /* Debug */ = {
			isa = XCBuildConfiguration;
			buildSettings = {
				ALWAYS_SEARCH_USER_PATHS = NO;
				CLANG_ANALYZER_NONNULL = YES;
				CLANG_ANALYZER_NUMBER_OBJECT_CONVERSION = YES_AGGRESSIVE;
				CLANG_CXX_LANGUAGE_STANDARD = "gnu++17";
				CLANG_CXX_LIBRARY = "libc++";
				CLANG_ENABLE_MODULES = YES;
				CLANG_ENABLE_OBJC_ARC = YES;
				CLANG_ENABLE_OBJC_WEAK = YES;
				CLANG_WARN_BLOCK_CAPTURE_AUTORELEASING = YES;
				CLANG_WARN_BOOL_CONVERSION = YES;
				CLANG_WARN_COMMA = YES;
				CLANG_WARN_CONSTANT_CONVERSION = YES;
				CLANG_WARN_DEPRECATED_OBJC_IMPLEMENTATIONS = YES;
				CLANG_WARN_DIRECT_OBJC_ISA_USAGE = YES_ERROR;
				CLANG_WARN_DOCUMENTATION_COMMENTS = YES;
				CLANG_WARN_EMPTY_BODY = YES;
				CLANG_WARN_ENUM_CONVERSION = YES;
				CLANG_WARN_INFINITE_RECURSION = YES;
				CLANG_WARN_INT_CONVERSION = YES;
				CLANG_WARN_NON_LITERAL_NULL_CONVERSION = YES;
				CLANG_WARN_OBJC_IMPLICIT_RETAIN_SELF = YES;
				CLANG_WARN_OBJC_LITERAL_CONVERSION = YES;
				CLANG_WARN_OBJC_ROOT_CLASS = YES_ERROR;
				CLANG_WARN_QUOTED_INCLUDE_IN_FRAMEWORK_HEADER = YES;
				CLANG_WARN_RANGE_LOOP_ANALYSIS = YES;
				CLANG_WARN_STRICT_PROTOTYPES = YES;
				CLANG_WARN_SUSPICIOUS_MOVE = YES;
				CLANG_WARN_UNGUARDED_AVAILABILITY = YES_AGGRESSIVE;
				CLANG_WARN_UNREACHABLE_CODE = YES;
				CLANG_WARN__DUPLICATE_METHOD_MATCH = YES;
				COPY_PHASE_STRIP = NO;
				DEBUG_INFORMATION_FORMAT = dwarf;
				ENABLE_STRICT_OBJC_MSGSEND = YES;
				ENABLE_TESTABILITY = YES;
				GCC_C_LANGUAGE_STANDARD = gnu11;
				GCC_DYNAMIC_NO_PIC = NO;
				GCC_NO_COMMON_BLOCKS = YES;
				GCC_OPTIMIZATION_LEVEL = 0;
				GCC_PREPROCESSOR_DEFINITIONS = (
					"DEBUG=1",
					"$(inherited)",
				);
				GCC_WARN_64_TO_32_BIT_CONVERSION = YES;
				GCC_WARN_ABOUT_RETURN_TYPE = YES_ERROR;
				GCC_WARN_UNDECLARED_SELECTOR = YES;
				GCC_WARN_UNINITIALIZED_AUTOS = YES_AGGRESSIVE;
				GCC_WARN_UNUSED_FUNCTION = YES;
				GCC_WARN_UNUSED_VARIABLE = YES;
				IPHONEOS_DEPLOYMENT_TARGET = 15.2;
				MTL_ENABLE_DEBUG_INFO = INCLUDE_SOURCE;
				MTL_FAST_MATH = YES;
				ONLY_ACTIVE_ARCH = YES;
				SDKROOT = iphoneos;
				SWIFT_ACTIVE_COMPILATION_CONDITIONS = DEBUG;
				SWIFT_OPTIMIZATION_LEVEL = "-Onone";
			};
			name = Debug;
		};
		5BA3A2BF280A9CA9006FDBA4 /* Release */ = {
			isa = XCBuildConfiguration;
			buildSettings = {
				ALWAYS_SEARCH_USER_PATHS = NO;
				CLANG_ANALYZER_NONNULL = YES;
				CLANG_ANALYZER_NUMBER_OBJECT_CONVERSION = YES_AGGRESSIVE;
				CLANG_CXX_LANGUAGE_STANDARD = "gnu++17";
				CLANG_CXX_LIBRARY = "libc++";
				CLANG_ENABLE_MODULES = YES;
				CLANG_ENABLE_OBJC_ARC = YES;
				CLANG_ENABLE_OBJC_WEAK = YES;
				CLANG_WARN_BLOCK_CAPTURE_AUTORELEASING = YES;
				CLANG_WARN_BOOL_CONVERSION = YES;
				CLANG_WARN_COMMA = YES;
				CLANG_WARN_CONSTANT_CONVERSION = YES;
				CLANG_WARN_DEPRECATED_OBJC_IMPLEMENTATIONS = YES;
				CLANG_WARN_DIRECT_OBJC_ISA_USAGE = YES_ERROR;
				CLANG_WARN_DOCUMENTATION_COMMENTS = YES;
				CLANG_WARN_EMPTY_BODY = YES;
				CLANG_WARN_ENUM_CONVERSION = YES;
				CLANG_WARN_INFINITE_RECURSION = YES;
				CLANG_WARN_INT_CONVERSION = YES;
				CLANG_WARN_NON_LITERAL_NULL_CONVERSION = YES;
				CLANG_WARN_OBJC_IMPLICIT_RETAIN_SELF = YES;
				CLANG_WARN_OBJC_LITERAL_CONVERSION = YES;
				CLANG_WARN_OBJC_ROOT_CLASS = YES_ERROR;
				CLANG_WARN_QUOTED_INCLUDE_IN_FRAMEWORK_HEADER = YES;
				CLANG_WARN_RANGE_LOOP_ANALYSIS = YES;
				CLANG_WARN_STRICT_PROTOTYPES = YES;
				CLANG_WARN_SUSPICIOUS_MOVE = YES;
				CLANG_WARN_UNGUARDED_AVAILABILITY = YES_AGGRESSIVE;
				CLANG_WARN_UNREACHABLE_CODE = YES;
				CLANG_WARN__DUPLICATE_METHOD_MATCH = YES;
				COPY_PHASE_STRIP = NO;
				DEBUG_INFORMATION_FORMAT = "dwarf-with-dsym";
				ENABLE_NS_ASSERTIONS = NO;
				ENABLE_STRICT_OBJC_MSGSEND = YES;
				GCC_C_LANGUAGE_STANDARD = gnu11;
				GCC_NO_COMMON_BLOCKS = YES;
				GCC_WARN_64_TO_32_BIT_CONVERSION = YES;
				GCC_WARN_ABOUT_RETURN_TYPE = YES_ERROR;
				GCC_WARN_UNDECLARED_SELECTOR = YES;
				GCC_WARN_UNINITIALIZED_AUTOS = YES_AGGRESSIVE;
				GCC_WARN_UNUSED_FUNCTION = YES;
				GCC_WARN_UNUSED_VARIABLE = YES;
				IPHONEOS_DEPLOYMENT_TARGET = 15.2;
				MTL_ENABLE_DEBUG_INFO = NO;
				MTL_FAST_MATH = YES;
				SDKROOT = iphoneos;
				SWIFT_COMPILATION_MODE = wholemodule;
				SWIFT_OPTIMIZATION_LEVEL = "-O";
				VALIDATE_PRODUCT = YES;
			};
			name = Release;
		};
		5BA3A2C1280A9CA9006FDBA4 /* Debug */ = {
			isa = XCBuildConfiguration;
			buildSettings = {
				ASSETCATALOG_COMPILER_APPICON_NAME = AppIcon;
				ASSETCATALOG_COMPILER_GLOBAL_ACCENT_COLOR_NAME = AccentColor;
				CODE_SIGN_STYLE = Automatic;
				CURRENT_PROJECT_VERSION = 1;
				DEVELOPMENT_TEAM = XT693AN37N;
				GENERATE_INFOPLIST_FILE = YES;
				INFOPLIST_FILE = GoMemo/Info.plist;
				INFOPLIST_KEY_UIApplicationSupportsIndirectInputEvents = YES;
				INFOPLIST_KEY_UILaunchStoryboardName = LaunchScreen;
				INFOPLIST_KEY_UIMainStoryboardFile = Main;
				INFOPLIST_KEY_UISupportedInterfaceOrientations_iPad = "UIInterfaceOrientationPortrait UIInterfaceOrientationPortraitUpsideDown UIInterfaceOrientationLandscapeLeft UIInterfaceOrientationLandscapeRight";
				INFOPLIST_KEY_UISupportedInterfaceOrientations_iPhone = "UIInterfaceOrientationPortrait UIInterfaceOrientationLandscapeLeft UIInterfaceOrientationLandscapeRight";
				IPHONEOS_DEPLOYMENT_TARGET = 12.0;
				LD_RUNPATH_SEARCH_PATHS = (
					"$(inherited)",
					"@executable_path/Frameworks",
				);
				MARKETING_VERSION = 1.0;
				PRODUCT_BUNDLE_IDENTIFIER = com.study.GoMemo;
				PRODUCT_NAME = "$(TARGET_NAME)";
				SWIFT_EMIT_LOC_STRINGS = YES;
				SWIFT_VERSION = 5.0;
				TARGETED_DEVICE_FAMILY = "1,2";
			};
			name = Debug;
		};
		5BA3A2C2280A9CA9006FDBA4 /* Release */ = {
			isa = XCBuildConfiguration;
			buildSettings = {
				ASSETCATALOG_COMPILER_APPICON_NAME = AppIcon;
				ASSETCATALOG_COMPILER_GLOBAL_ACCENT_COLOR_NAME = AccentColor;
				CODE_SIGN_STYLE = Automatic;
				CURRENT_PROJECT_VERSION = 1;
				DEVELOPMENT_TEAM = XT693AN37N;
				GENERATE_INFOPLIST_FILE = YES;
				INFOPLIST_FILE = GoMemo/Info.plist;
				INFOPLIST_KEY_UIApplicationSupportsIndirectInputEvents = YES;
				INFOPLIST_KEY_UILaunchStoryboardName = LaunchScreen;
				INFOPLIST_KEY_UIMainStoryboardFile = Main;
				INFOPLIST_KEY_UISupportedInterfaceOrientations_iPad = "UIInterfaceOrientationPortrait UIInterfaceOrientationPortraitUpsideDown UIInterfaceOrientationLandscapeLeft UIInterfaceOrientationLandscapeRight";
				INFOPLIST_KEY_UISupportedInterfaceOrientations_iPhone = "UIInterfaceOrientationPortrait UIInterfaceOrientationLandscapeLeft UIInterfaceOrientationLandscapeRight";
				IPHONEOS_DEPLOYMENT_TARGET = 12.0;
				LD_RUNPATH_SEARCH_PATHS = (
					"$(inherited)",
					"@executable_path/Frameworks",
				);
				MARKETING_VERSION = 1.0;
				PRODUCT_BUNDLE_IDENTIFIER = com.study.GoMemo;
				PRODUCT_NAME = "$(TARGET_NAME)";
				SWIFT_EMIT_LOC_STRINGS = YES;
				SWIFT_VERSION = 5.0;
				TARGETED_DEVICE_FAMILY = "1,2";
			};
			name = Release;
		};
/* End XCBuildConfiguration section */

/* Begin XCConfigurationList section */
		5BA3A2A4280A9CA8006FDBA4 /* Build configuration list for PBXProject "GoMemo" */ = {
			isa = XCConfigurationList;
			buildConfigurations = (
				5BA3A2BE280A9CA9006FDBA4 /* Debug */,
				5BA3A2BF280A9CA9006FDBA4 /* Release */,
			);
			defaultConfigurationIsVisible = 0;
			defaultConfigurationName = Release;
		};
		5BA3A2C0280A9CA9006FDBA4 /* Build configuration list for PBXNativeTarget "GoMemo" */ = {
			isa = XCConfigurationList;
			buildConfigurations = (
				5BA3A2C1280A9CA9006FDBA4 /* Debug */,
				5BA3A2C2280A9CA9006FDBA4 /* Release */,
			);
			defaultConfigurationIsVisible = 0;
			defaultConfigurationName = Release;
		};
/* End XCConfigurationList section */

/* Begin XCVersionGroup section */
		5BA3A2B5280A9CA8006FDBA4 /* GoMemo.xcdatamodeld */ = {
			isa = XCVersionGroup;
			children = (
				5BA3A2B6280A9CA8006FDBA4 /* GoMemo.xcdatamodel */,
			);
			currentVersion = 5BA3A2B6280A9CA8006FDBA4 /* GoMemo.xcdatamodel */;
			path = GoMemo.xcdatamodeld;
			sourceTree = "<group>";
			versionGroupType = wrapper.xcdatamodel;
		};
/* End XCVersionGroup section */
	};
	rootObject = 5BA3A2A1280A9CA8006FDBA4 /* Project object */;
}
